// !$*UTF8*$!
{
	archiveVersion = 1;
	classes = {
	};
	objectVersion = 56;
	objects = {

/* Begin PBXBuildFile section */
		D8CD1FCF2BB5EE6D00C9D939 /* TheCookbookApp.swift in Sources */ = {isa = PBXBuildFile; fileRef = D8CD1FCE2BB5EE6D00C9D939 /* TheCookbookApp.swift */; };
		D8CD1FD12BB5EE6D00C9D939 /* ContentView.swift in Sources */ = {isa = PBXBuildFile; fileRef = D8CD1FD02BB5EE6D00C9D939 /* ContentView.swift */; };
		D8CD1FD32BB5EE6D00C9D939 /* Item.swift in Sources */ = {isa = PBXBuildFile; fileRef = D8CD1FD22BB5EE6D00C9D939 /* Item.swift */; };
		D8CD1FD52BB5EE6E00C9D939 /* Assets.xcassets in Resources */ = {isa = PBXBuildFile; fileRef = D8CD1FD42BB5EE6E00C9D939 /* Assets.xcassets */; };
		D8CD1FD82BB5EE6E00C9D939 /* Preview Assets.xcassets in Resources */ = {isa = PBXBuildFile; fileRef = D8CD1FD72BB5EE6E00C9D939 /* Preview Assets.xcassets */; };
/* End PBXBuildFile section */

/* Begin PBXFileReference section */
		D8CD1FCB2BB5EE6D00C9D939 /* TheCookbook.app */ = {isa = PBXFileReference; explicitFileType = wrapper.application; includeInIndex = 0; path = TheCookbook.app; sourceTree = BUILT_PRODUCTS_DIR; };
		D8CD1FCE2BB5EE6D00C9D939 /* TheCookbookApp.swift */ = {isa = PBXFileReference; lastKnownFileType = sourcecode.swift; path = TheCookbookApp.swift; sourceTree = "<group>"; };
		D8CD1FD02BB5EE6D00C9D939 /* ContentView.swift */ = {isa = PBXFileReference; lastKnownFileType = sourcecode.swift; path = ContentView.swift; sourceTree = "<group>"; };
		D8CD1FD22BB5EE6D00C9D939 /* Item.swift */ = {isa = PBXFileReference; lastKnownFileType = sourcecode.swift; path = Item.swift; sourceTree = "<group>"; };
		D8CD1FD42BB5EE6E00C9D939 /* Assets.xcassets */ = {isa = PBXFileReference; lastKnownFileType = folder.assetcatalog; path = Assets.xcassets; sourceTree = "<group>"; };
		D8CD1FD72BB5EE6E00C9D939 /* Preview Assets.xcassets */ = {isa = PBXFileReference; lastKnownFileType = folder.assetcatalog; path = "Preview Assets.xcassets"; sourceTree = "<group>"; };
		D8CD1FD92BB5EE6E00C9D939 /* TheCookbook.entitlements */ = {isa = PBXFileReference; lastKnownFileType = text.plist.entitlements; path = TheCookbook.entitlements; sourceTree = "<group>"; };
/* End PBXFileReference section */

/* Begin PBXFrameworksBuildPhase section */
		D8CD1FC82BB5EE6D00C9D939 /* Frameworks */ = {
			isa = PBXFrameworksBuildPhase;
			buildActionMask = 2147483647;
			files = (
			);
			runOnlyForDeploymentPostprocessing = 0;
		};
/* End PBXFrameworksBuildPhase section */

/* Begin PBXGroup section */
		D8CD1FC22BB5EE6D00C9D939 = {
			isa = PBXGroup;
			children = (
				D8CD1FCD2BB5EE6D00C9D939 /* TheCookbook */,
				D8CD1FCC2BB5EE6D00C9D939 /* Products */,
			);
			sourceTree = "<group>";
		};
		D8CD1FCC2BB5EE6D00C9D939 /* Products */ = {
			isa = PBXGroup;
			children = (
				D8CD1FCB2BB5EE6D00C9D939 /* TheCookbook.app */,
			);
			name = Products;
			sourceTree = "<group>";
		};
		D8CD1FCD2BB5EE6D00C9D939 /* TheCookbook */ = {
			isa = PBXGroup;
			children = (
				D8CD1FCE2BB5EE6D00C9D939 /* TheCookbookApp.swift */,
				D8CD1FD02BB5EE6D00C9D939 /* ContentView.swift */,
				D8CD1FD22BB5EE6D00C9D939 /* Item.swift */,
				D8CD1FD42BB5EE6E00C9D939 /* Assets.xcassets */,
				D8CD1FD92BB5EE6E00C9D939 /* TheCookbook.entitlements */,
				D8CD1FD62BB5EE6E00C9D939 /* Preview Content */,
			);
			path = TheCookbook;
			sourceTree = "<group>";
		};
		D8CD1FD62BB5EE6E00C9D939 /* Preview Content */ = {
			isa = PBXGroup;
			children = (
				D8CD1FD72BB5EE6E00C9D939 /* Preview Assets.xcassets */,
			);
			path = "Preview Content";
			sourceTree = "<group>";
		};
/* End PBXGroup section */

/* Begin PBXNativeTarget section */
		D8CD1FCA2BB5EE6D00C9D939 /* TheCookbook */ = {
			isa = PBXNativeTarget;
			buildConfigurationList = D8CD1FDC2BB5EE6E00C9D939 /* Build configuration list for PBXNativeTarget "TheCookbook" */;
			buildPhases = (
				D8CD1FC72BB5EE6D00C9D939 /* Sources */,
				D8CD1FC82BB5EE6D00C9D939 /* Frameworks */,
				D8CD1FC92BB5EE6D00C9D939 /* Resources */,
			);
			buildRules = (
			);
			dependencies = (
			);
			name = TheCookbook;
			productName = TheCookbook;
			productReference = D8CD1FCB2BB5EE6D00C9D939 /* TheCookbook.app */;
			productType = "com.apple.product-type.application";
		};
/* End PBXNativeTarget section */

/* Begin PBXProject section */
		D8CD1FC32BB5EE6D00C9D939 /* Project object */ = {
			isa = PBXProject;
			attributes = {
				BuildIndependentTargetsInParallel = 1;
				LastSwiftUpdateCheck = 1530;
				LastUpgradeCheck = 1530;
				TargetAttributes = {
					D8CD1FCA2BB5EE6D00C9D939 = {
						CreatedOnToolsVersion = 15.3;
					};
				};
			};
			buildConfigurationList = D8CD1FC62BB5EE6D00C9D939 /* Build configuration list for PBXProject "TheCookbook" */;
			compatibilityVersion = "Xcode 14.0";
			developmentRegion = en;
			hasScannedForEncodings = 0;
			knownRegions = (
				en,
				Base,
			);
			mainGroup = D8CD1FC22BB5EE6D00C9D939;
			productRefGroup = D8CD1FCC2BB5EE6D00C9D939 /* Products */;
			projectDirPath = "";
			projectRoot = "";
			targets = (
				D8CD1FCA2BB5EE6D00C9D939 /* TheCookbook */,
			);
		};
/* End PBXProject section */

/* Begin PBXResourcesBuildPhase section */
		D8CD1FC92BB5EE6D00C9D939 /* Resources */ = {
			isa = PBXResourcesBuildPhase;
			buildActionMask = 2147483647;
			files = (
				D8CD1FD82BB5EE6E00C9D939 /* Preview Assets.xcassets in Resources */,
				D8CD1FD52BB5EE6E00C9D939 /* Assets.xcassets in Resources */,
			);
			runOnlyForDeploymentPostprocessing = 0;
		};
/* End PBXResourcesBuildPhase section */

/* Begin PBXSourcesBuildPhase section */
		D8CD1FC72BB5EE6D00C9D939 /* Sources */ = {
			isa = PBXSourcesBuildPhase;
			buildActionMask = 2147483647;
			files = (
				D8CD1FD12BB5EE6D00C9D939 /* ContentView.swift in Sources */,
				D8CD1FD32BB5EE6D00C9D939 /* Item.swift in Sources */,
				D8CD1FCF2BB5EE6D00C9D939 /* TheCookbookApp.swift in Sources */,
			);
			runOnlyForDeploymentPostprocessing = 0;
		};
/* End PBXSourcesBuildPhase section */

/* Begin XCBuildConfiguration section */
		D8CD1FDA2BB5EE6E00C9D939 /* Debug */ = {
			isa = XCBuildConfiguration;
			buildSettings = {
				ALWAYS_SEARCH_USER_PATHS = NO;
				ASSETCATALOG_COMPILER_GENERATE_SWIFT_ASSET_SYMBOL_EXTENSIONS = YES;
				CLANG_ANALYZER_NONNULL = YES;
				CLANG_ANALYZER_NUMBER_OBJECT_CONVERSION = YES_AGGRESSIVE;
				CLANG_CXX_LANGUAGE_STANDARD = "gnu++20";
				CLANG_ENABLE_MODULES = YES;
				CLANG_ENABLE_OBJC_ARC = YES;
				CLANG_ENABLE_OBJC_WEAK = YES;
				CLANG_WARN_BLOCK_CAPTURE_AUTORELEASING = YES;
				CLANG_WARN_BOOL_CONVERSION = YES;
				CLANG_WARN_COMMA = YES;
				CLANG_WARN_CONSTANT_CONVERSION = YES;
				CLANG_WARN_DEPRECATED_OBJC_IMPLEMENTATIONS = YES;
				CLANG_WARN_DIRECT_OBJC_ISA_USAGE = YES_ERROR;
				CLANG_WARN_DOCUMENTATION_COMMENTS = YES;
				CLANG_WARN_EMPTY_BODY = YES;
				CLANG_WARN_ENUM_CONVERSION = YES;
				CLANG_WARN_INFINITE_RECURSION = YES;
				CLANG_WARN_INT_CONVERSION = YES;
				CLANG_WARN_NON_LITERAL_NULL_CONVERSION = YES;
				CLANG_WARN_OBJC_IMPLICIT_RETAIN_SELF = YES;
				CLANG_WARN_OBJC_LITERAL_CONVERSION = YES;
				CLANG_WARN_OBJC_ROOT_CLASS = YES_ERROR;
				CLANG_WARN_QUOTED_INCLUDE_IN_FRAMEWORK_HEADER = YES;
				CLANG_WARN_RANGE_LOOP_ANALYSIS = YES;
				CLANG_WARN_STRICT_PROTOTYPES = YES;
				CLANG_WARN_SUSPICIOUS_MOVE = YES;
				CLANG_WARN_UNGUARDED_AVAILABILITY = YES_AGGRESSIVE;
				CLANG_WARN_UNREACHABLE_CODE = YES;
				CLANG_WARN__DUPLICATE_METHOD_MATCH = YES;
				COPY_PHASE_STRIP = NO;
				DEBUG_INFORMATION_FORMAT = dwarf;
				ENABLE_STRICT_OBJC_MSGSEND = YES;
				ENABLE_TESTABILITY = YES;
				ENABLE_USER_SCRIPT_SANDBOXING = YES;
				GCC_C_LANGUAGE_STANDARD = gnu17;
				GCC_DYNAMIC_NO_PIC = NO;
				GCC_NO_COMMON_BLOCKS = YES;
				GCC_OPTIMIZATION_LEVEL = 0;
				GCC_PREPROCESSOR_DEFINITIONS = (
					"DEBUG=1",
					"$(inherited)",
				);
				GCC_WARN_64_TO_32_BIT_CONVERSION = YES;
				GCC_WARN_ABOUT_RETURN_TYPE = YES_ERROR;
				GCC_WARN_UNDECLARED_SELECTOR = YES;
				GCC_WARN_UNINITIALIZED_AUTOS = YES_AGGRESSIVE;
				GCC_WARN_UNUSED_FUNCTION = YES;
				GCC_WARN_UNUSED_VARIABLE = YES;
				LOCALIZATION_PREFERS_STRING_CATALOGS = YES;
				MACOSX_DEPLOYMENT_TARGET = 14.4;
				MTL_ENABLE_DEBUG_INFO = INCLUDE_SOURCE;
				MTL_FAST_MATH = YES;
				ONLY_ACTIVE_ARCH = YES;
				SDKROOT = macosx;
				SWIFT_ACTIVE_COMPILATION_CONDITIONS = "DEBUG $(inherited)";
				SWIFT_OPTIMIZATION_LEVEL = "-Onone";
			};
			name = Debug;
		};
		D8CD1FDB2BB5EE6E00C9D939 /* Release */ = {
			isa = XCBuildConfiguration;
			buildSettings = {
				ALWAYS_SEARCH_USER_PATHS = NO;
				ASSETCATALOG_COMPILER_GENERATE_SWIFT_ASSET_SYMBOL_EXTENSIONS = YES;
				CLANG_ANALYZER_NONNULL = YES;
				CLANG_ANALYZER_NUMBER_OBJECT_CONVERSION = YES_AGGRESSIVE;
				CLANG_CXX_LANGUAGE_STANDARD = "gnu++20";
				CLANG_ENABLE_MODULES = YES;
				CLANG_ENABLE_OBJC_ARC = YES;
				CLANG_ENABLE_OBJC_WEAK = YES;
				CLANG_WARN_BLOCK_CAPTURE_AUTORELEASING = YES;
				CLANG_WARN_BOOL_CONVERSION = YES;
				CLANG_WARN_COMMA = YES;
				CLANG_WARN_CONSTANT_CONVERSION = YES;
				CLANG_WARN_DEPRECATED_OBJC_IMPLEMENTATIONS = YES;
				CLANG_WARN_DIRECT_OBJC_ISA_USAGE = YES_ERROR;
				CLANG_WARN_DOCUMENTATION_COMMENTS = YES;
				CLANG_WARN_EMPTY_BODY = YES;
				CLANG_WARN_ENUM_CONVERSION = YES;
				CLANG_WARN_INFINITE_RECURSION = YES;
				CLANG_WARN_INT_CONVERSION = YES;
				CLANG_WARN_NON_LITERAL_NULL_CONVERSION = YES;
				CLANG_WARN_OBJC_IMPLICIT_RETAIN_SELF = YES;
				CLANG_WARN_OBJC_LITERAL_CONVERSION = YES;
				CLANG_WARN_OBJC_ROOT_CLASS = YES_ERROR;
				CLANG_WARN_QUOTED_INCLUDE_IN_FRAMEWORK_HEADER = YES;
				CLANG_WARN_RANGE_LOOP_ANALYSIS = YES;
				CLANG_WARN_STRICT_PROTOTYPES = YES;
				CLANG_WARN_SUSPICIOUS_MOVE = YES;
				CLANG_WARN_UNGUARDED_AVAILABILITY = YES_AGGRESSIVE;
				CLANG_WARN_UNREACHABLE_CODE = YES;
				CLANG_WARN__DUPLICATE_METHOD_MATCH = YES;
				COPY_PHASE_STRIP = NO;
				DEBUG_INFORMATION_FORMAT = "dwarf-with-dsym";
				ENABLE_NS_ASSERTIONS = NO;
				ENABLE_STRICT_OBJC_MSGSEND = YES;
				ENABLE_USER_SCRIPT_SANDBOXING = YES;
				GCC_C_LANGUAGE_STANDARD = gnu17;
				GCC_NO_COMMON_BLOCKS = YES;
				GCC_WARN_64_TO_32_BIT_CONVERSION = YES;
				GCC_WARN_ABOUT_RETURN_TYPE = YES_ERROR;
				GCC_WARN_UNDECLARED_SELECTOR = YES;
				GCC_WARN_UNINITIALIZED_AUTOS = YES_AGGRESSIVE;
				GCC_WARN_UNUSED_FUNCTION = YES;
				GCC_WARN_UNUSED_VARIABLE = YES;
				LOCALIZATION_PREFERS_STRING_CATALOGS = YES;
				MACOSX_DEPLOYMENT_TARGET = 14.4;
				MTL_ENABLE_DEBUG_INFO = NO;
				MTL_FAST_MATH = YES;
				SDKROOT = macosx;
				SWIFT_COMPILATION_MODE = wholemodule;
			};
			name = Release;
		};
		D8CD1FDD2BB5EE6E00C9D939 /* Debug */ = {
			isa = XCBuildConfiguration;
			buildSettings = {
				ASSETCATALOG_COMPILER_APPICON_NAME = AppIcon;
				ASSETCATALOG_COMPILER_GLOBAL_ACCENT_COLOR_NAME = AccentColor;
				CODE_SIGN_ENTITLEMENTS = TheCookbook/TheCookbook.entitlements;
				CODE_SIGN_STYLE = Automatic;
				COMBINE_HIDPI_IMAGES = YES;
				CURRENT_PROJECT_VERSION = 1;
				DEVELOPMENT_ASSET_PATHS = "\"TheCookbook/Preview Content\"";
				DEVELOPMENT_TEAM = 7GK78RQQCA;
				ENABLE_HARDENED_RUNTIME = YES;
				ENABLE_PREVIEWS = YES;
				GENERATE_INFOPLIST_FILE = YES;
				INFOPLIST_KEY_NSHumanReadableCopyright = "";
				LD_RUNPATH_SEARCH_PATHS = (
					"$(inherited)",
					"@executable_path/../Frameworks",
				);
				MACOSX_DEPLOYMENT_TARGET = 14.0;
				MARKETING_VERSION = 1.0;
				PRODUCT_BUNDLE_IDENTIFIER = com.suasuasuasuasua.TheCookbook;
				PRODUCT_NAME = "$(TARGET_NAME)";
				SWIFT_EMIT_LOC_STRINGS = YES;
				SWIFT_VERSION = 5.0;
			};
			name = Debug;
		};
		D8CD1FDE2BB5EE6E00C9D939 /* Release */ = {
			isa = XCBuildConfiguration;
			buildSettings = {
				ASSETCATALOG_COMPILER_APPICON_NAME = AppIcon;
				ASSETCATALOG_COMPILER_GLOBAL_ACCENT_COLOR_NAME = AccentColor;
				CODE_SIGN_ENTITLEMENTS = TheCookbook/TheCookbook.entitlements;
				CODE_SIGN_STYLE = Automatic;
				COMBINE_HIDPI_IMAGES = YES;
				CURRENT_PROJECT_VERSION = 1;
				DEVELOPMENT_ASSET_PATHS = "\"TheCookbook/Preview Content\"";
				DEVELOPMENT_TEAM = 7GK78RQQCA;
				ENABLE_HARDENED_RUNTIME = YES;
				ENABLE_PREVIEWS = YES;
				GENERATE_INFOPLIST_FILE = YES;
				INFOPLIST_KEY_NSHumanReadableCopyright = "";
				LD_RUNPATH_SEARCH_PATHS = (
					"$(inherited)",
					"@executable_path/../Frameworks",
				);
				MACOSX_DEPLOYMENT_TARGET = 14.0;
				MARKETING_VERSION = 1.0;
				PRODUCT_BUNDLE_IDENTIFIER = com.suasuasuasuasua.TheCookbook;
				PRODUCT_NAME = "$(TARGET_NAME)";
				SWIFT_EMIT_LOC_STRINGS = YES;
				SWIFT_VERSION = 5.0;
			};
			name = Release;
		};
/* End XCBuildConfiguration section */

/* Begin XCConfigurationList section */
		D8CD1FC62BB5EE6D00C9D939 /* Build configuration list for PBXProject "TheCookbook" */ = {
			isa = XCConfigurationList;
			buildConfigurations = (
				D8CD1FDA2BB5EE6E00C9D939 /* Debug */,
				D8CD1FDB2BB5EE6E00C9D939 /* Release */,
			);
			defaultConfigurationIsVisible = 0;
			defaultConfigurationName = Release;
		};
		D8CD1FDC2BB5EE6E00C9D939 /* Build configuration list for PBXNativeTarget "TheCookbook" */ = {
			isa = XCConfigurationList;
			buildConfigurations = (
				D8CD1FDD2BB5EE6E00C9D939 /* Debug */,
				D8CD1FDE2BB5EE6E00C9D939 /* Release */,
			);
			defaultConfigurationIsVisible = 0;
			defaultConfigurationName = Release;
		};
/* End XCConfigurationList section */
	};
	rootObject = D8CD1FC32BB5EE6D00C9D939 /* Project object */;
}
