// !$*UTF8*$!
{
	archiveVersion = 1;
	classes = {
	};
	objectVersion = 63;
	objects = {

/* Begin PBXBuildFile section */
		D806B7502BB6039F0043400B /* LetUsCookApp.swift in Sources */ = {isa = PBXBuildFile; fileRef = D806B74F2BB6039F0043400B /* LetUsCookApp.swift */; };
		D806B7542BB6039F0043400B /* Ingredient.swift in Sources */ = {isa = PBXBuildFile; fileRef = D806B7532BB6039F0043400B /* Ingredient.swift */; };
		D806B7562BB603A00043400B /* Assets.xcassets in Resources */ = {isa = PBXBuildFile; fileRef = D806B7552BB603A00043400B /* Assets.xcassets */; };
		D806B7592BB603A00043400B /* Preview Assets.xcassets in Resources */ = {isa = PBXBuildFile; fileRef = D806B7582BB603A00043400B /* Preview Assets.xcassets */; };
		D80EE8AC2BC73654009D13F0 /* SettingsView.swift in Sources */ = {isa = PBXBuildFile; fileRef = D80EE8AB2BC73654009D13F0 /* SettingsView.swift */; };
		D80EE8AE2BC73919009D13F0 /* GalleryRow.swift in Sources */ = {isa = PBXBuildFile; fileRef = D80EE8AD2BC73919009D13F0 /* GalleryRow.swift */; };
		D80EE8B02BC73AE2009D13F0 /* SidebarGroup.swift in Sources */ = {isa = PBXBuildFile; fileRef = D80EE8AF2BC73AE2009D13F0 /* SidebarGroup.swift */; };
		D80EE8B32BC74383009D13F0 /* ContentView.swift in Sources */ = {isa = PBXBuildFile; fileRef = D80EE8B22BC74383009D13F0 /* ContentView.swift */; };
		D812EF0C2BD3180F00AE04EB /* AppController.swift in Sources */ = {isa = PBXBuildFile; fileRef = D812EF0B2BD3180F00AE04EB /* AppController.swift */; };
		D81EC1322BD2DE1200E374C1 /* NavigationContext.swift in Sources */ = {isa = PBXBuildFile; fileRef = D81EC1312BD2DE1200E374C1 /* NavigationContext.swift */; };
		D82440D42BD6FF9B00700790 /* RecipeView_Inspector.swift in Sources */ = {isa = PBXBuildFile; fileRef = D82440D32BD6FF9B00700790 /* RecipeView_Inspector.swift */; };
		D83610162BB9A01A00DA47B3 /* Category.swift in Sources */ = {isa = PBXBuildFile; fileRef = D83610152BB9A01A00DA47B3 /* Category.swift */; };
		D83F6C202BE3D7E1006F9B2E /* MijickCalendarView in Frameworks */ = {isa = PBXBuildFile; productRef = D83F6C1F2BE3D7E1006F9B2E /* MijickCalendarView */; };
		D83F6C462BE3DA15006F9B2E /* Inter-Bold.ttf in Resources */ = {isa = PBXBuildFile; fileRef = D83F6C212BE3DA15006F9B2E /* Inter-Bold.ttf */; };
		D83F6C472BE3DA15006F9B2E /* Inter-Regular.ttf in Resources */ = {isa = PBXBuildFile; fileRef = D83F6C222BE3DA15006F9B2E /* Inter-Regular.ttf */; };
		D83F6C482BE3DA15006F9B2E /* Inter-SemiBold.ttf in Resources */ = {isa = PBXBuildFile; fileRef = D83F6C232BE3DA15006F9B2E /* Inter-SemiBold.ttf */; };
		D83F6C492BE3DA15006F9B2E /* Inter-Thin.ttf in Resources */ = {isa = PBXBuildFile; fileRef = D83F6C242BE3DA15006F9B2E /* Inter-Thin.ttf */; };
		D83F6C4A2BE3DA15006F9B2E /* Lora-Bold.ttf in Resources */ = {isa = PBXBuildFile; fileRef = D83F6C252BE3DA15006F9B2E /* Lora-Bold.ttf */; };
		D83F6C4B2BE3DA15006F9B2E /* Assets.xcassets in Resources */ = {isa = PBXBuildFile; fileRef = D83F6C272BE3DA15006F9B2E /* Assets.xcassets */; };
		D83F6C4C2BE3DA15006F9B2E /* Colours.xcassets in Resources */ = {isa = PBXBuildFile; fileRef = D83F6C282BE3DA15006F9B2E /* Colours.xcassets */; };
		D83F6C4D2BE3DA15006F9B2E /* Info.plist in Resources */ = {isa = PBXBuildFile; fileRef = D83F6C292BE3DA15006F9B2E /* Info.plist */; };
		D83F6C4E2BE3DA15006F9B2E /* Button.Circle.swift in Sources */ = {isa = PBXBuildFile; fileRef = D83F6C2B2BE3DA15006F9B2E /* Button.Circle.swift */; };
		D83F6C4F2BE3DA15006F9B2E /* Button.Default.swift in Sources */ = {isa = PBXBuildFile; fileRef = D83F6C2C2BE3DA15006F9B2E /* Button.Default.swift */; };
		D83F6C502BE3DA15006F9B2E /* Button.Icon.swift in Sources */ = {isa = PBXBuildFile; fileRef = D83F6C2D2BE3DA15006F9B2E /* Button.Icon.swift */; };
		D83F6C512BE3DA15006F9B2E /* Button.Rectangle.swift in Sources */ = {isa = PBXBuildFile; fileRef = D83F6C2E2BE3DA15006F9B2E /* Button.Rectangle.swift */; };
		D83F6C522BE3DA15006F9B2E /* DayView.ColoredCircle.swift in Sources */ = {isa = PBXBuildFile; fileRef = D83F6C302BE3DA15006F9B2E /* DayView.ColoredCircle.swift */; };
		D83F6C532BE3DA15006F9B2E /* DayView.ColoredRectangle.swift in Sources */ = {isa = PBXBuildFile; fileRef = D83F6C312BE3DA15006F9B2E /* DayView.ColoredRectangle.swift */; };
		D83F6C542BE3DA15006F9B2E /* DayView.Price.swift in Sources */ = {isa = PBXBuildFile; fileRef = D83F6C322BE3DA15006F9B2E /* DayView.Price.swift */; };
		D83F6C552BE3DA15006F9B2E /* DayView.RangeSelector.swift in Sources */ = {isa = PBXBuildFile; fileRef = D83F6C332BE3DA15006F9B2E /* DayView.RangeSelector.swift */; };
		D83F6C562BE3DA15006F9B2E /* MonthLabel.Center.swift in Sources */ = {isa = PBXBuildFile; fileRef = D83F6C352BE3DA15006F9B2E /* MonthLabel.Center.swift */; };
		D83F6C572BE3DA15006F9B2E /* MonthLabel.Leading.swift in Sources */ = {isa = PBXBuildFile; fileRef = D83F6C362BE3DA15006F9B2E /* MonthLabel.Leading.swift */; };
		D83F6C582BE3DA15006F9B2E /* MonthLabel.Uppercased.swift in Sources */ = {isa = PBXBuildFile; fileRef = D83F6C372BE3DA15006F9B2E /* MonthLabel.Uppercased.swift */; };
		D83F6C592BE3DA15006F9B2E /* NavigationBar.swift in Sources */ = {isa = PBXBuildFile; fileRef = D83F6C392BE3DA15006F9B2E /* NavigationBar.swift */; };
		D83F6C5A2BE3DA15006F9B2E /* TabBar.swift in Sources */ = {isa = PBXBuildFile; fileRef = D83F6C3A2BE3DA15006F9B2E /* TabBar.swift */; };
		D83F6C5B2BE3DA15006F9B2E /* Color++.swift in Sources */ = {isa = PBXBuildFile; fileRef = D83F6C3C2BE3DA15006F9B2E /* Color++.swift */; };
		D83F6C5C2BE3DA15006F9B2E /* Font++.swift in Sources */ = {isa = PBXBuildFile; fileRef = D83F6C3D2BE3DA15006F9B2E /* Font++.swift */; };
		D83F6C5D2BE3DA15006F9B2E /* Spacer++.swift in Sources */ = {isa = PBXBuildFile; fileRef = D83F6C3F2BE3DA15006F9B2E /* Spacer++.swift */; };
		D83F6C5E2BE3DA15006F9B2E /* View++.swift in Sources */ = {isa = PBXBuildFile; fileRef = D83F6C402BE3DA15006F9B2E /* View++.swift */; };
		D83F6C5F2BE3DA15006F9B2E /* Date++.swift in Sources */ = {isa = PBXBuildFile; fileRef = D83F6C422BE3DA15006F9B2E /* Date++.swift */; };
		D83F6C602BE3DA15006F9B2E /* Namespaces.swift in Sources */ = {isa = PBXBuildFile; fileRef = D83F6C432BE3DA15006F9B2E /* Namespaces.swift */; };
		D83F6C662BE3DDB6006F9B2E /* Date_days.swift in Sources */ = {isa = PBXBuildFile; fileRef = D83F6C652BE3DDB6006F9B2E /* Date_days.swift */; };
		D84AB6452BD9734E0087D107 /* URL_size.swift in Sources */ = {isa = PBXBuildFile; fileRef = D84AB6442BD9734E0087D107 /* URL_size.swift */; };
		D8675D142BB8B312002D0844 /* GalleryView.swift in Sources */ = {isa = PBXBuildFile; fileRef = D8675D132BB8B312002D0844 /* GalleryView.swift */; };
		D8675D162BB8B325002D0844 /* RecipeView.swift in Sources */ = {isa = PBXBuildFile; fileRef = D8675D152BB8B325002D0844 /* RecipeView.swift */; };
		D8675D182BB8B342002D0844 /* CalendarView.swift in Sources */ = {isa = PBXBuildFile; fileRef = D8675D172BB8B342002D0844 /* CalendarView.swift */; };
		D8675D392BB8B4DE002D0844 /* FeedView.swift in Sources */ = {isa = PBXBuildFile; fileRef = D8675D382BB8B4DE002D0844 /* FeedView.swift */; };
		D8675D3B2BB8B6CF002D0844 /* GroceriesView.swift in Sources */ = {isa = PBXBuildFile; fileRef = D8675D3A2BB8B6CF002D0844 /* GroceriesView.swift */; };
		D8675D3F2BB8B84E002D0844 /* Recipe.swift in Sources */ = {isa = PBXBuildFile; fileRef = D8675D3E2BB8B84E002D0844 /* Recipe.swift */; };
		D8675D412BB8B8A3002D0844 /* Instruction.swift in Sources */ = {isa = PBXBuildFile; fileRef = D8675D402BB8B8A3002D0844 /* Instruction.swift */; };
		D8675D492BB8D79A002D0844 /* MainView.swift in Sources */ = {isa = PBXBuildFile; fileRef = D8675D482BB8D79A002D0844 /* MainView.swift */; };
		D8756AC72BCC44AE0070D406 /* DataModel.swift in Sources */ = {isa = PBXBuildFile; fileRef = D8756AC62BCC44AD0070D406 /* DataModel.swift */; };
		D8A7E9EF2BC4A96C00B895C2 /* SidebarItem.swift in Sources */ = {isa = PBXBuildFile; fileRef = D8A7E9EE2BC4A96C00B895C2 /* SidebarItem.swift */; };
		D8C9910B2BC6FCF2003B77DA /* SidebarView.swift in Sources */ = {isa = PBXBuildFile; fileRef = D8C9910A2BC6FCF2003B77DA /* SidebarView.swift */; };
		D8CFBDFD2BB9BB04002D982C /* PreviewSampleData.swift in Sources */ = {isa = PBXBuildFile; fileRef = D8CFBDFC2BB9BB04002D982C /* PreviewSampleData.swift */; };
		D8CFBDFF2BB9BCB3002D982C /* SampleRecipes.swift in Sources */ = {isa = PBXBuildFile; fileRef = D8CFBDFE2BB9BCB3002D982C /* SampleRecipes.swift */; };
/* End PBXBuildFile section */

/* Begin PBXFileReference section */
		D806B74C2BB6039F0043400B /* LetUsCook.app */ = {isa = PBXFileReference; explicitFileType = wrapper.application; includeInIndex = 0; path = LetUsCook.app; sourceTree = BUILT_PRODUCTS_DIR; };
		D806B74F2BB6039F0043400B /* LetUsCookApp.swift */ = {isa = PBXFileReference; lastKnownFileType = sourcecode.swift; path = LetUsCookApp.swift; sourceTree = "<group>"; };
		D806B7532BB6039F0043400B /* Ingredient.swift */ = {isa = PBXFileReference; lastKnownFileType = sourcecode.swift; path = Ingredient.swift; sourceTree = "<group>"; };
		D806B7552BB603A00043400B /* Assets.xcassets */ = {isa = PBXFileReference; lastKnownFileType = folder.assetcatalog; path = Assets.xcassets; sourceTree = "<group>"; };
		D806B7582BB603A00043400B /* Preview Assets.xcassets */ = {isa = PBXFileReference; lastKnownFileType = folder.assetcatalog; path = "Preview Assets.xcassets"; sourceTree = "<group>"; };
		D806B75A2BB603A00043400B /* LetUsCook.entitlements */ = {isa = PBXFileReference; lastKnownFileType = text.plist.entitlements; path = LetUsCook.entitlements; sourceTree = "<group>"; };
		D80EE8AB2BC73654009D13F0 /* SettingsView.swift */ = {isa = PBXFileReference; lastKnownFileType = sourcecode.swift; path = SettingsView.swift; sourceTree = "<group>"; };
		D80EE8AD2BC73919009D13F0 /* GalleryRow.swift */ = {isa = PBXFileReference; lastKnownFileType = sourcecode.swift; path = GalleryRow.swift; sourceTree = "<group>"; };
		D80EE8AF2BC73AE2009D13F0 /* SidebarGroup.swift */ = {isa = PBXFileReference; lastKnownFileType = sourcecode.swift; path = SidebarGroup.swift; sourceTree = "<group>"; };
		D80EE8B22BC74383009D13F0 /* ContentView.swift */ = {isa = PBXFileReference; lastKnownFileType = sourcecode.swift; path = ContentView.swift; sourceTree = "<group>"; };
		D812EF0B2BD3180F00AE04EB /* AppController.swift */ = {isa = PBXFileReference; lastKnownFileType = sourcecode.swift; path = AppController.swift; sourceTree = "<group>"; };
		D81EC1312BD2DE1200E374C1 /* NavigationContext.swift */ = {isa = PBXFileReference; lastKnownFileType = sourcecode.swift; path = NavigationContext.swift; sourceTree = "<group>"; };
		D82440D32BD6FF9B00700790 /* RecipeView_Inspector.swift */ = {isa = PBXFileReference; lastKnownFileType = sourcecode.swift; path = RecipeView_Inspector.swift; sourceTree = "<group>"; };
		D83610152BB9A01A00DA47B3 /* Category.swift */ = {isa = PBXFileReference; lastKnownFileType = sourcecode.swift; path = Category.swift; sourceTree = "<group>"; };
		D83F6C212BE3DA15006F9B2E /* Inter-Bold.ttf */ = {isa = PBXFileReference; lastKnownFileType = file; path = "Inter-Bold.ttf"; sourceTree = "<group>"; };
		D83F6C222BE3DA15006F9B2E /* Inter-Regular.ttf */ = {isa = PBXFileReference; lastKnownFileType = file; path = "Inter-Regular.ttf"; sourceTree = "<group>"; };
		D83F6C232BE3DA15006F9B2E /* Inter-SemiBold.ttf */ = {isa = PBXFileReference; lastKnownFileType = file; path = "Inter-SemiBold.ttf"; sourceTree = "<group>"; };
		D83F6C242BE3DA15006F9B2E /* Inter-Thin.ttf */ = {isa = PBXFileReference; lastKnownFileType = file; path = "Inter-Thin.ttf"; sourceTree = "<group>"; };
		D83F6C252BE3DA15006F9B2E /* Lora-Bold.ttf */ = {isa = PBXFileReference; lastKnownFileType = file; path = "Lora-Bold.ttf"; sourceTree = "<group>"; };
		D83F6C272BE3DA15006F9B2E /* Assets.xcassets */ = {isa = PBXFileReference; lastKnownFileType = folder.assetcatalog; path = Assets.xcassets; sourceTree = "<group>"; };
		D83F6C282BE3DA15006F9B2E /* Colours.xcassets */ = {isa = PBXFileReference; lastKnownFileType = folder.assetcatalog; path = Colours.xcassets; sourceTree = "<group>"; };
		D83F6C292BE3DA15006F9B2E /* Info.plist */ = {isa = PBXFileReference; fileEncoding = 4; lastKnownFileType = text.plist.xml; path = Info.plist; sourceTree = "<group>"; };
		D83F6C2B2BE3DA15006F9B2E /* Button.Circle.swift */ = {isa = PBXFileReference; fileEncoding = 4; lastKnownFileType = sourcecode.swift; path = Button.Circle.swift; sourceTree = "<group>"; };
		D83F6C2C2BE3DA15006F9B2E /* Button.Default.swift */ = {isa = PBXFileReference; fileEncoding = 4; lastKnownFileType = sourcecode.swift; path = Button.Default.swift; sourceTree = "<group>"; };
		D83F6C2D2BE3DA15006F9B2E /* Button.Icon.swift */ = {isa = PBXFileReference; fileEncoding = 4; lastKnownFileType = sourcecode.swift; path = Button.Icon.swift; sourceTree = "<group>"; };
		D83F6C2E2BE3DA15006F9B2E /* Button.Rectangle.swift */ = {isa = PBXFileReference; fileEncoding = 4; lastKnownFileType = sourcecode.swift; path = Button.Rectangle.swift; sourceTree = "<group>"; };
		D83F6C302BE3DA15006F9B2E /* DayView.ColoredCircle.swift */ = {isa = PBXFileReference; fileEncoding = 4; lastKnownFileType = sourcecode.swift; path = DayView.ColoredCircle.swift; sourceTree = "<group>"; };
		D83F6C312BE3DA15006F9B2E /* DayView.ColoredRectangle.swift */ = {isa = PBXFileReference; fileEncoding = 4; lastKnownFileType = sourcecode.swift; path = DayView.ColoredRectangle.swift; sourceTree = "<group>"; };
		D83F6C322BE3DA15006F9B2E /* DayView.Price.swift */ = {isa = PBXFileReference; fileEncoding = 4; lastKnownFileType = sourcecode.swift; path = DayView.Price.swift; sourceTree = "<group>"; };
		D83F6C332BE3DA15006F9B2E /* DayView.RangeSelector.swift */ = {isa = PBXFileReference; fileEncoding = 4; lastKnownFileType = sourcecode.swift; path = DayView.RangeSelector.swift; sourceTree = "<group>"; };
		D83F6C352BE3DA15006F9B2E /* MonthLabel.Center.swift */ = {isa = PBXFileReference; fileEncoding = 4; lastKnownFileType = sourcecode.swift; path = MonthLabel.Center.swift; sourceTree = "<group>"; };
		D83F6C362BE3DA15006F9B2E /* MonthLabel.Leading.swift */ = {isa = PBXFileReference; fileEncoding = 4; lastKnownFileType = sourcecode.swift; path = MonthLabel.Leading.swift; sourceTree = "<group>"; };
		D83F6C372BE3DA15006F9B2E /* MonthLabel.Uppercased.swift */ = {isa = PBXFileReference; fileEncoding = 4; lastKnownFileType = sourcecode.swift; path = MonthLabel.Uppercased.swift; sourceTree = "<group>"; };
		D83F6C392BE3DA15006F9B2E /* NavigationBar.swift */ = {isa = PBXFileReference; fileEncoding = 4; lastKnownFileType = sourcecode.swift; path = NavigationBar.swift; sourceTree = "<group>"; };
		D83F6C3A2BE3DA15006F9B2E /* TabBar.swift */ = {isa = PBXFileReference; fileEncoding = 4; lastKnownFileType = sourcecode.swift; path = TabBar.swift; sourceTree = "<group>"; };
		D83F6C3C2BE3DA15006F9B2E /* Color++.swift */ = {isa = PBXFileReference; fileEncoding = 4; lastKnownFileType = sourcecode.swift; path = "Color++.swift"; sourceTree = "<group>"; };
		D83F6C3D2BE3DA15006F9B2E /* Font++.swift */ = {isa = PBXFileReference; fileEncoding = 4; lastKnownFileType = sourcecode.swift; path = "Font++.swift"; sourceTree = "<group>"; };
		D83F6C3F2BE3DA15006F9B2E /* Spacer++.swift */ = {isa = PBXFileReference; fileEncoding = 4; lastKnownFileType = sourcecode.swift; path = "Spacer++.swift"; sourceTree = "<group>"; };
		D83F6C402BE3DA15006F9B2E /* View++.swift */ = {isa = PBXFileReference; fileEncoding = 4; lastKnownFileType = sourcecode.swift; path = "View++.swift"; sourceTree = "<group>"; };
		D83F6C422BE3DA15006F9B2E /* Date++.swift */ = {isa = PBXFileReference; fileEncoding = 4; lastKnownFileType = sourcecode.swift; path = "Date++.swift"; sourceTree = "<group>"; };
		D83F6C432BE3DA15006F9B2E /* Namespaces.swift */ = {isa = PBXFileReference; fileEncoding = 4; lastKnownFileType = sourcecode.swift; path = Namespaces.swift; sourceTree = "<group>"; };
		D83F6C652BE3DDB6006F9B2E /* Date_days.swift */ = {isa = PBXFileReference; lastKnownFileType = sourcecode.swift; path = Date_days.swift; sourceTree = "<group>"; };
		D84AB6442BD9734E0087D107 /* URL_size.swift */ = {isa = PBXFileReference; lastKnownFileType = sourcecode.swift; path = URL_size.swift; sourceTree = "<group>"; };
		D8675D132BB8B312002D0844 /* GalleryView.swift */ = {isa = PBXFileReference; lastKnownFileType = sourcecode.swift; path = GalleryView.swift; sourceTree = "<group>"; };
		D8675D152BB8B325002D0844 /* RecipeView.swift */ = {isa = PBXFileReference; lastKnownFileType = sourcecode.swift; path = RecipeView.swift; sourceTree = "<group>"; };
		D8675D172BB8B342002D0844 /* CalendarView.swift */ = {isa = PBXFileReference; lastKnownFileType = sourcecode.swift; path = CalendarView.swift; sourceTree = "<group>"; };
		D8675D382BB8B4DE002D0844 /* FeedView.swift */ = {isa = PBXFileReference; lastKnownFileType = sourcecode.swift; path = FeedView.swift; sourceTree = "<group>"; };
		D8675D3A2BB8B6CF002D0844 /* GroceriesView.swift */ = {isa = PBXFileReference; lastKnownFileType = sourcecode.swift; path = GroceriesView.swift; sourceTree = "<group>"; };
		D8675D3E2BB8B84E002D0844 /* Recipe.swift */ = {isa = PBXFileReference; lastKnownFileType = sourcecode.swift; path = Recipe.swift; sourceTree = "<group>"; };
		D8675D402BB8B8A3002D0844 /* Instruction.swift */ = {isa = PBXFileReference; lastKnownFileType = sourcecode.swift; path = Instruction.swift; sourceTree = "<group>"; };
		D8675D482BB8D79A002D0844 /* MainView.swift */ = {isa = PBXFileReference; lastKnownFileType = sourcecode.swift; path = MainView.swift; sourceTree = "<group>"; };
		D8756AC62BCC44AD0070D406 /* DataModel.swift */ = {isa = PBXFileReference; lastKnownFileType = sourcecode.swift; path = DataModel.swift; sourceTree = "<group>"; };
		D8A7E9EE2BC4A96C00B895C2 /* SidebarItem.swift */ = {isa = PBXFileReference; lastKnownFileType = sourcecode.swift; path = SidebarItem.swift; sourceTree = "<group>"; };
		D8C9910A2BC6FCF2003B77DA /* SidebarView.swift */ = {isa = PBXFileReference; lastKnownFileType = sourcecode.swift; path = SidebarView.swift; sourceTree = "<group>"; };
		D8CFBDFC2BB9BB04002D982C /* PreviewSampleData.swift */ = {isa = PBXFileReference; lastKnownFileType = sourcecode.swift; path = PreviewSampleData.swift; sourceTree = "<group>"; wrapsLines = 1; };
		D8CFBDFE2BB9BCB3002D982C /* SampleRecipes.swift */ = {isa = PBXFileReference; lastKnownFileType = sourcecode.swift; path = SampleRecipes.swift; sourceTree = "<group>"; };
/* End PBXFileReference section */

/* Begin PBXFrameworksBuildPhase section */
		D806B7492BB6039F0043400B /* Frameworks */ = {
			isa = PBXFrameworksBuildPhase;
			buildActionMask = 2147483647;
			files = (
				D83F6C202BE3D7E1006F9B2E /* MijickCalendarView in Frameworks */,
			);
			runOnlyForDeploymentPostprocessing = 0;
		};
/* End PBXFrameworksBuildPhase section */

/* Begin PBXGroup section */
		D806B7432BB6039F0043400B = {
			isa = PBXGroup;
			children = (
				D806B74E2BB6039F0043400B /* LetUsCook */,
				D806B74D2BB6039F0043400B /* Products */,
			);
			sourceTree = "<group>";
		};
		D806B74D2BB6039F0043400B /* Products */ = {
			isa = PBXGroup;
			children = (
				D806B74C2BB6039F0043400B /* LetUsCook.app */,
			);
			name = Products;
			sourceTree = "<group>";
		};
		D806B74E2BB6039F0043400B /* LetUsCook */ = {
			isa = PBXGroup;
			children = (
				D806B74F2BB6039F0043400B /* LetUsCookApp.swift */,
				D8675D192BB8B350002D0844 /* Model */,
				D8675D0F2BB8B2E3002D0844 /* View */,
				D8CFBDFB2BB9BAE0002D982C /* Support */,
				D806B7552BB603A00043400B /* Assets.xcassets */,
				D806B75A2BB603A00043400B /* LetUsCook.entitlements */,
				D806B7572BB603A00043400B /* Preview Content */,
				D83F6C452BE3DA15006F9B2E /* Resources */,
			);
			path = LetUsCook;
			sourceTree = "<group>";
		};
		D806B7572BB603A00043400B /* Preview Content */ = {
			isa = PBXGroup;
			children = (
				D806B7582BB603A00043400B /* Preview Assets.xcassets */,
			);
			path = "Preview Content";
			sourceTree = "<group>";
		};
		D80EE8B12BC73AF2009D13F0 /* Sidebar */ = {
			isa = PBXGroup;
			children = (
				D80EE8AF2BC73AE2009D13F0 /* SidebarGroup.swift */,
				D8A7E9EE2BC4A96C00B895C2 /* SidebarItem.swift */,
			);
			path = Sidebar;
			sourceTree = "<group>";
		};
		D82440D22BD6FF7600700790 /* RecipeView */ = {
			isa = PBXGroup;
			children = (
				D8675D152BB8B325002D0844 /* RecipeView.swift */,
				D82440D32BD6FF9B00700790 /* RecipeView_Inspector.swift */,
			);
			path = RecipeView;
			sourceTree = "<group>";
		};
		D83F6C262BE3DA15006F9B2E /* Fonts */ = {
			isa = PBXGroup;
			children = (
				D83F6C212BE3DA15006F9B2E /* Inter-Bold.ttf */,
				D83F6C222BE3DA15006F9B2E /* Inter-Regular.ttf */,
				D83F6C232BE3DA15006F9B2E /* Inter-SemiBold.ttf */,
				D83F6C242BE3DA15006F9B2E /* Inter-Thin.ttf */,
				D83F6C252BE3DA15006F9B2E /* Lora-Bold.ttf */,
			);
			path = Fonts;
			sourceTree = "<group>";
		};
		D83F6C2A2BE3DA15006F9B2E /* Assets */ = {
			isa = PBXGroup;
			children = (
				D83F6C262BE3DA15006F9B2E /* Fonts */,
				D83F6C272BE3DA15006F9B2E /* Assets.xcassets */,
				D83F6C282BE3DA15006F9B2E /* Colours.xcassets */,
				D83F6C292BE3DA15006F9B2E /* Info.plist */,
			);
			path = Assets;
			sourceTree = "<group>";
		};
		D83F6C2F2BE3DA15006F9B2E /* Buttons */ = {
			isa = PBXGroup;
			children = (
				D83F6C2B2BE3DA15006F9B2E /* Button.Circle.swift */,
				D83F6C2C2BE3DA15006F9B2E /* Button.Default.swift */,
				D83F6C2D2BE3DA15006F9B2E /* Button.Icon.swift */,
				D83F6C2E2BE3DA15006F9B2E /* Button.Rectangle.swift */,
			);
			path = Buttons;
			sourceTree = "<group>";
		};
		D83F6C342BE3DA15006F9B2E /* Day Views */ = {
			isa = PBXGroup;
			children = (
				D83F6C302BE3DA15006F9B2E /* DayView.ColoredCircle.swift */,
				D83F6C312BE3DA15006F9B2E /* DayView.ColoredRectangle.swift */,
				D83F6C322BE3DA15006F9B2E /* DayView.Price.swift */,
				D83F6C332BE3DA15006F9B2E /* DayView.RangeSelector.swift */,
			);
			path = "Day Views";
			sourceTree = "<group>";
		};
		D83F6C382BE3DA15006F9B2E /* Month Labels */ = {
			isa = PBXGroup;
			children = (
				D83F6C352BE3DA15006F9B2E /* MonthLabel.Center.swift */,
				D83F6C362BE3DA15006F9B2E /* MonthLabel.Leading.swift */,
				D83F6C372BE3DA15006F9B2E /* MonthLabel.Uppercased.swift */,
			);
			path = "Month Labels";
			sourceTree = "<group>";
		};
		D83F6C3B2BE3DA15006F9B2E /* Components */ = {
			isa = PBXGroup;
			children = (
				D83F6C2F2BE3DA15006F9B2E /* Buttons */,
				D83F6C342BE3DA15006F9B2E /* Day Views */,
				D83F6C382BE3DA15006F9B2E /* Month Labels */,
				D83F6C392BE3DA15006F9B2E /* NavigationBar.swift */,
				D83F6C3A2BE3DA15006F9B2E /* TabBar.swift */,
			);
			path = Components;
			sourceTree = "<group>";
		};
		D83F6C3E2BE3DA15006F9B2E /* Assets */ = {
			isa = PBXGroup;
			children = (
				D83F6C3C2BE3DA15006F9B2E /* Color++.swift */,
				D83F6C3D2BE3DA15006F9B2E /* Font++.swift */,
			);
			path = Assets;
			sourceTree = "<group>";
		};
		D83F6C412BE3DA15006F9B2E /* Views */ = {
			isa = PBXGroup;
			children = (
				D83F6C3F2BE3DA15006F9B2E /* Spacer++.swift */,
				D83F6C402BE3DA15006F9B2E /* View++.swift */,
			);
			path = Views;
			sourceTree = "<group>";
		};
		D83F6C442BE3DA15006F9B2E /* Extensions */ = {
			isa = PBXGroup;
			children = (
				D83F6C3E2BE3DA15006F9B2E /* Assets */,
				D83F6C412BE3DA15006F9B2E /* Views */,
				D83F6C422BE3DA15006F9B2E /* Date++.swift */,
				D83F6C432BE3DA15006F9B2E /* Namespaces.swift */,
			);
			path = Extensions;
			sourceTree = "<group>";
		};
		D83F6C452BE3DA15006F9B2E /* Resources */ = {
			isa = PBXGroup;
			children = (
				D83F6C2A2BE3DA15006F9B2E /* Assets */,
				D83F6C3B2BE3DA15006F9B2E /* Components */,
				D83F6C442BE3DA15006F9B2E /* Extensions */,
			);
			path = Resources;
			sourceTree = "<group>";
		};
		D83F6C642BE3DD92006F9B2E /* Extensions */ = {
			isa = PBXGroup;
			children = (
				D84AB6442BD9734E0087D107 /* URL_size.swift */,
				D83F6C652BE3DDB6006F9B2E /* Date_days.swift */,
			);
			path = Extensions;
			sourceTree = "<group>";
		};
		D83F6C672BE3F47F006F9B2E /* Calendar */ = {
			isa = PBXGroup;
			children = (
				D8675D172BB8B342002D0844 /* CalendarView.swift */,
			);
			path = Calendar;
			sourceTree = "<group>";
		};
		D8675D0F2BB8B2E3002D0844 /* View */ = {
			isa = PBXGroup;
			children = (
				D8675D482BB8D79A002D0844 /* MainView.swift */,
				D8C9910A2BC6FCF2003B77DA /* SidebarView.swift */,
				D80EE8B22BC74383009D13F0 /* ContentView.swift */,
				D82440D22BD6FF7600700790 /* RecipeView */,
				D8CFBDF82BB9A98F002D982C /* RecipeGallery */,
				D8675D382BB8B4DE002D0844 /* FeedView.swift */,
				D83F6C672BE3F47F006F9B2E /* Calendar */,
				D8675D3A2BB8B6CF002D0844 /* GroceriesView.swift */,
				D80EE8AB2BC73654009D13F0 /* SettingsView.swift */,
			);
			path = View;
			sourceTree = "<group>";
		};
		D8675D192BB8B350002D0844 /* Model */ = {
			isa = PBXGroup;
			children = (
				D8675D3E2BB8B84E002D0844 /* Recipe.swift */,
				D83610152BB9A01A00DA47B3 /* Category.swift */,
				D8675D402BB8B8A3002D0844 /* Instruction.swift */,
				D806B7532BB6039F0043400B /* Ingredient.swift */,
				D80EE8B12BC73AF2009D13F0 /* Sidebar */,
				D812EF0B2BD3180F00AE04EB /* AppController.swift */,
				D8756AC62BCC44AD0070D406 /* DataModel.swift */,
				D81EC1312BD2DE1200E374C1 /* NavigationContext.swift */,
				D83F6C642BE3DD92006F9B2E /* Extensions */,
			);
			path = Model;
			sourceTree = "<group>";
		};
		D8CFBDF82BB9A98F002D982C /* RecipeGallery */ = {
			isa = PBXGroup;
			children = (
				D8675D132BB8B312002D0844 /* GalleryView.swift */,
				D80EE8AD2BC73919009D13F0 /* GalleryRow.swift */,
			);
			path = RecipeGallery;
			sourceTree = "<group>";
		};
		D8CFBDFB2BB9BAE0002D982C /* Support */ = {
			isa = PBXGroup;
			children = (
				D8CFBDFC2BB9BB04002D982C /* PreviewSampleData.swift */,
				D8CFBDFE2BB9BCB3002D982C /* SampleRecipes.swift */,
			);
			path = Support;
			sourceTree = "<group>";
		};
/* End PBXGroup section */

/* Begin PBXNativeTarget section */
		D806B74B2BB6039F0043400B /* LetUsCook */ = {
			isa = PBXNativeTarget;
			buildConfigurationList = D806B75D2BB603A00043400B /* Build configuration list for PBXNativeTarget "LetUsCook" */;
			buildPhases = (
				D806B7482BB6039F0043400B /* Sources */,
				D806B7492BB6039F0043400B /* Frameworks */,
				D806B74A2BB6039F0043400B /* Resources */,
			);
			buildRules = (
			);
			dependencies = (
			);
			name = LetUsCook;
			packageProductDependencies = (
				D83F6C1F2BE3D7E1006F9B2E /* MijickCalendarView */,
			);
			productName = LetUsCook;
			productReference = D806B74C2BB6039F0043400B /* LetUsCook.app */;
			productType = "com.apple.product-type.application";
		};
/* End PBXNativeTarget section */

/* Begin PBXProject section */
		D806B7442BB6039F0043400B /* Project object */ = {
			isa = PBXProject;
			attributes = {
				BuildIndependentTargetsInParallel = 1;
				LastSwiftUpdateCheck = 1530;
				LastUpgradeCheck = 1530;
				TargetAttributes = {
					D806B74B2BB6039F0043400B = {
						CreatedOnToolsVersion = 15.3;
					};
				};
			};
			buildConfigurationList = D806B7472BB6039F0043400B /* Build configuration list for PBXProject "LetUsCook" */;
			compatibilityVersion = "Xcode 15.3";
			developmentRegion = en;
			hasScannedForEncodings = 0;
			knownRegions = (
				en,
				Base,
			);
			mainGroup = D806B7432BB6039F0043400B;
			packageReferences = (
				D83F6C1E2BE3D7E1006F9B2E /* XCRemoteSwiftPackageReference "CalendarView" */,
			);
			productRefGroup = D806B74D2BB6039F0043400B /* Products */;
			projectDirPath = "";
			projectRoot = "";
			targets = (
				D806B74B2BB6039F0043400B /* LetUsCook */,
			);
		};
/* End PBXProject section */

/* Begin PBXResourcesBuildPhase section */
		D806B74A2BB6039F0043400B /* Resources */ = {
			isa = PBXResourcesBuildPhase;
			buildActionMask = 2147483647;
			files = (
				D83F6C462BE3DA15006F9B2E /* Inter-Bold.ttf in Resources */,
				D83F6C4A2BE3DA15006F9B2E /* Lora-Bold.ttf in Resources */,
				D806B7592BB603A00043400B /* Preview Assets.xcassets in Resources */,
				D83F6C492BE3DA15006F9B2E /* Inter-Thin.ttf in Resources */,
				D83F6C472BE3DA15006F9B2E /* Inter-Regular.ttf in Resources */,
				D83F6C482BE3DA15006F9B2E /* Inter-SemiBold.ttf in Resources */,
				D83F6C4B2BE3DA15006F9B2E /* Assets.xcassets in Resources */,
				D83F6C4C2BE3DA15006F9B2E /* Colours.xcassets in Resources */,
				D83F6C4D2BE3DA15006F9B2E /* Info.plist in Resources */,
				D806B7562BB603A00043400B /* Assets.xcassets in Resources */,
			);
			runOnlyForDeploymentPostprocessing = 0;
		};
/* End PBXResourcesBuildPhase section */

/* Begin PBXSourcesBuildPhase section */
		D806B7482BB6039F0043400B /* Sources */ = {
			isa = PBXSourcesBuildPhase;
			buildActionMask = 2147483647;
			files = (
				D83F6C5E2BE3DA15006F9B2E /* View++.swift in Sources */,
				D83F6C602BE3DA15006F9B2E /* Namespaces.swift in Sources */,
				D80EE8B02BC73AE2009D13F0 /* SidebarGroup.swift in Sources */,
				D8675D412BB8B8A3002D0844 /* Instruction.swift in Sources */,
				D83F6C662BE3DDB6006F9B2E /* Date_days.swift in Sources */,
				D80EE8AC2BC73654009D13F0 /* SettingsView.swift in Sources */,
				D80EE8AE2BC73919009D13F0 /* GalleryRow.swift in Sources */,
				D8675D492BB8D79A002D0844 /* MainView.swift in Sources */,
				D8675D182BB8B342002D0844 /* CalendarView.swift in Sources */,
				D8C9910B2BC6FCF2003B77DA /* SidebarView.swift in Sources */,
				D806B7542BB6039F0043400B /* Ingredient.swift in Sources */,
				D82440D42BD6FF9B00700790 /* RecipeView_Inspector.swift in Sources */,
				D83F6C5C2BE3DA15006F9B2E /* Font++.swift in Sources */,
				D83F6C5F2BE3DA15006F9B2E /* Date++.swift in Sources */,
				D83F6C5A2BE3DA15006F9B2E /* TabBar.swift in Sources */,
				D83F6C582BE3DA15006F9B2E /* MonthLabel.Uppercased.swift in Sources */,
				D83F6C562BE3DA15006F9B2E /* MonthLabel.Center.swift in Sources */,
				D83F6C5D2BE3DA15006F9B2E /* Spacer++.swift in Sources */,
				D80EE8B32BC74383009D13F0 /* ContentView.swift in Sources */,
				D8A7E9EF2BC4A96C00B895C2 /* SidebarItem.swift in Sources */,
				D812EF0C2BD3180F00AE04EB /* AppController.swift in Sources */,
				D8675D3B2BB8B6CF002D0844 /* GroceriesView.swift in Sources */,
				D8675D142BB8B312002D0844 /* GalleryView.swift in Sources */,
				D83F6C512BE3DA15006F9B2E /* Button.Rectangle.swift in Sources */,
				D83F6C502BE3DA15006F9B2E /* Button.Icon.swift in Sources */,
				D83F6C552BE3DA15006F9B2E /* DayView.RangeSelector.swift in Sources */,
				D81EC1322BD2DE1200E374C1 /* NavigationContext.swift in Sources */,
				D8675D162BB8B325002D0844 /* RecipeView.swift in Sources */,
				D83610162BB9A01A00DA47B3 /* Category.swift in Sources */,
				D83F6C522BE3DA15006F9B2E /* DayView.ColoredCircle.swift in Sources */,
				D83F6C4E2BE3DA15006F9B2E /* Button.Circle.swift in Sources */,
				D8675D392BB8B4DE002D0844 /* FeedView.swift in Sources */,
				D8CFBDFF2BB9BCB3002D982C /* SampleRecipes.swift in Sources */,
				D83F6C5B2BE3DA15006F9B2E /* Color++.swift in Sources */,
				D83F6C572BE3DA15006F9B2E /* MonthLabel.Leading.swift in Sources */,
				D83F6C542BE3DA15006F9B2E /* DayView.Price.swift in Sources */,
				D8756AC72BCC44AE0070D406 /* DataModel.swift in Sources */,
				D8CFBDFD2BB9BB04002D982C /* PreviewSampleData.swift in Sources */,
				D806B7502BB6039F0043400B /* LetUsCookApp.swift in Sources */,
				D84AB6452BD9734E0087D107 /* URL_size.swift in Sources */,
				D83F6C532BE3DA15006F9B2E /* DayView.ColoredRectangle.swift in Sources */,
				D83F6C4F2BE3DA15006F9B2E /* Button.Default.swift in Sources */,
				D8675D3F2BB8B84E002D0844 /* Recipe.swift in Sources */,
				D83F6C592BE3DA15006F9B2E /* NavigationBar.swift in Sources */,
			);
			runOnlyForDeploymentPostprocessing = 0;
		};
/* End PBXSourcesBuildPhase section */

/* Begin XCBuildConfiguration section */
		D806B75B2BB603A00043400B /* Debug */ = {
			isa = XCBuildConfiguration;
			buildSettings = {
				ALWAYS_SEARCH_USER_PATHS = NO;
				ASSETCATALOG_COMPILER_GENERATE_SWIFT_ASSET_SYMBOL_EXTENSIONS = YES;
				CLANG_ANALYZER_NONNULL = YES;
				CLANG_ANALYZER_NUMBER_OBJECT_CONVERSION = YES_AGGRESSIVE;
				CLANG_CXX_LANGUAGE_STANDARD = "gnu++20";
				CLANG_ENABLE_MODULES = YES;
				CLANG_ENABLE_OBJC_ARC = YES;
				CLANG_ENABLE_OBJC_WEAK = YES;
				CLANG_WARN_BLOCK_CAPTURE_AUTORELEASING = YES;
				CLANG_WARN_BOOL_CONVERSION = YES;
				CLANG_WARN_COMMA = YES;
				CLANG_WARN_CONSTANT_CONVERSION = YES;
				CLANG_WARN_DEPRECATED_OBJC_IMPLEMENTATIONS = YES;
				CLANG_WARN_DIRECT_OBJC_ISA_USAGE = YES_ERROR;
				CLANG_WARN_DOCUMENTATION_COMMENTS = YES;
				CLANG_WARN_EMPTY_BODY = YES;
				CLANG_WARN_ENUM_CONVERSION = YES;
				CLANG_WARN_INFINITE_RECURSION = YES;
				CLANG_WARN_INT_CONVERSION = YES;
				CLANG_WARN_NON_LITERAL_NULL_CONVERSION = YES;
				CLANG_WARN_OBJC_IMPLICIT_RETAIN_SELF = YES;
				CLANG_WARN_OBJC_LITERAL_CONVERSION = YES;
				CLANG_WARN_OBJC_ROOT_CLASS = YES_ERROR;
				CLANG_WARN_QUOTED_INCLUDE_IN_FRAMEWORK_HEADER = YES;
				CLANG_WARN_RANGE_LOOP_ANALYSIS = YES;
				CLANG_WARN_STRICT_PROTOTYPES = YES;
				CLANG_WARN_SUSPICIOUS_MOVE = YES;
				CLANG_WARN_UNGUARDED_AVAILABILITY = YES_AGGRESSIVE;
				CLANG_WARN_UNREACHABLE_CODE = YES;
				CLANG_WARN__DUPLICATE_METHOD_MATCH = YES;
				COPY_PHASE_STRIP = NO;
				DEBUG_INFORMATION_FORMAT = dwarf;
				ENABLE_STRICT_OBJC_MSGSEND = YES;
				ENABLE_TESTABILITY = YES;
				ENABLE_USER_SCRIPT_SANDBOXING = YES;
				GCC_C_LANGUAGE_STANDARD = gnu17;
				GCC_DYNAMIC_NO_PIC = NO;
				GCC_NO_COMMON_BLOCKS = YES;
				GCC_OPTIMIZATION_LEVEL = 0;
				GCC_PREPROCESSOR_DEFINITIONS = (
					"DEBUG=1",
					"$(inherited)",
				);
				GCC_WARN_64_TO_32_BIT_CONVERSION = YES;
				GCC_WARN_ABOUT_RETURN_TYPE = YES_ERROR;
				GCC_WARN_UNDECLARED_SELECTOR = YES;
				GCC_WARN_UNINITIALIZED_AUTOS = YES_AGGRESSIVE;
				GCC_WARN_UNUSED_FUNCTION = YES;
				GCC_WARN_UNUSED_VARIABLE = YES;
				LOCALIZATION_PREFERS_STRING_CATALOGS = YES;
				MACOSX_DEPLOYMENT_TARGET = 14.4;
				MTL_ENABLE_DEBUG_INFO = INCLUDE_SOURCE;
				MTL_FAST_MATH = YES;
				ONLY_ACTIVE_ARCH = YES;
				SDKROOT = macosx;
				SWIFT_ACTIVE_COMPILATION_CONDITIONS = "DEBUG $(inherited)";
				SWIFT_OPTIMIZATION_LEVEL = "-Onone";
			};
			name = Debug;
		};
		D806B75C2BB603A00043400B /* Release */ = {
			isa = XCBuildConfiguration;
			buildSettings = {
				ALWAYS_SEARCH_USER_PATHS = NO;
				ASSETCATALOG_COMPILER_GENERATE_SWIFT_ASSET_SYMBOL_EXTENSIONS = YES;
				CLANG_ANALYZER_NONNULL = YES;
				CLANG_ANALYZER_NUMBER_OBJECT_CONVERSION = YES_AGGRESSIVE;
				CLANG_CXX_LANGUAGE_STANDARD = "gnu++20";
				CLANG_ENABLE_MODULES = YES;
				CLANG_ENABLE_OBJC_ARC = YES;
				CLANG_ENABLE_OBJC_WEAK = YES;
				CLANG_WARN_BLOCK_CAPTURE_AUTORELEASING = YES;
				CLANG_WARN_BOOL_CONVERSION = YES;
				CLANG_WARN_COMMA = YES;
				CLANG_WARN_CONSTANT_CONVERSION = YES;
				CLANG_WARN_DEPRECATED_OBJC_IMPLEMENTATIONS = YES;
				CLANG_WARN_DIRECT_OBJC_ISA_USAGE = YES_ERROR;
				CLANG_WARN_DOCUMENTATION_COMMENTS = YES;
				CLANG_WARN_EMPTY_BODY = YES;
				CLANG_WARN_ENUM_CONVERSION = YES;
				CLANG_WARN_INFINITE_RECURSION = YES;
				CLANG_WARN_INT_CONVERSION = YES;
				CLANG_WARN_NON_LITERAL_NULL_CONVERSION = YES;
				CLANG_WARN_OBJC_IMPLICIT_RETAIN_SELF = YES;
				CLANG_WARN_OBJC_LITERAL_CONVERSION = YES;
				CLANG_WARN_OBJC_ROOT_CLASS = YES_ERROR;
				CLANG_WARN_QUOTED_INCLUDE_IN_FRAMEWORK_HEADER = YES;
				CLANG_WARN_RANGE_LOOP_ANALYSIS = YES;
				CLANG_WARN_STRICT_PROTOTYPES = YES;
				CLANG_WARN_SUSPICIOUS_MOVE = YES;
				CLANG_WARN_UNGUARDED_AVAILABILITY = YES_AGGRESSIVE;
				CLANG_WARN_UNREACHABLE_CODE = YES;
				CLANG_WARN__DUPLICATE_METHOD_MATCH = YES;
				COPY_PHASE_STRIP = NO;
				DEBUG_INFORMATION_FORMAT = "dwarf-with-dsym";
				ENABLE_NS_ASSERTIONS = NO;
				ENABLE_STRICT_OBJC_MSGSEND = YES;
				ENABLE_USER_SCRIPT_SANDBOXING = YES;
				GCC_C_LANGUAGE_STANDARD = gnu17;
				GCC_NO_COMMON_BLOCKS = YES;
				GCC_WARN_64_TO_32_BIT_CONVERSION = YES;
				GCC_WARN_ABOUT_RETURN_TYPE = YES_ERROR;
				GCC_WARN_UNDECLARED_SELECTOR = YES;
				GCC_WARN_UNINITIALIZED_AUTOS = YES_AGGRESSIVE;
				GCC_WARN_UNUSED_FUNCTION = YES;
				GCC_WARN_UNUSED_VARIABLE = YES;
				LOCALIZATION_PREFERS_STRING_CATALOGS = YES;
				MACOSX_DEPLOYMENT_TARGET = 14.4;
				MTL_ENABLE_DEBUG_INFO = NO;
				MTL_FAST_MATH = YES;
				SDKROOT = macosx;
				SWIFT_COMPILATION_MODE = wholemodule;
			};
			name = Release;
		};
		D806B75E2BB603A00043400B /* Debug */ = {
			isa = XCBuildConfiguration;
			buildSettings = {
				ASSETCATALOG_COMPILER_APPICON_NAME = AppIcon;
				ASSETCATALOG_COMPILER_GLOBAL_ACCENT_COLOR_NAME = AccentColor;
				"ASSETCATALOG_COMPILER_GLOBAL_ACCENT_COLOR_NAME[sdk=*]" = DarkerAccentColor;
				CODE_SIGN_ENTITLEMENTS = LetUsCook/LetUsCook.entitlements;
				"CODE_SIGN_IDENTITY[sdk=macosx*]" = "Apple Development";
				CODE_SIGN_STYLE = Automatic;
				COMBINE_HIDPI_IMAGES = YES;
				CURRENT_PROJECT_VERSION = 1;
				DEVELOPMENT_ASSET_PATHS = "\"LetUsCook/Preview Content\"";
				DEVELOPMENT_TEAM = 7GK78RQQCA;
				ENABLE_HARDENED_RUNTIME = YES;
				ENABLE_PREVIEWS = YES;
				GENERATE_INFOPLIST_FILE = YES;
				INFOPLIST_KEY_NSHumanReadableCopyright = "";
				LD_RUNPATH_SEARCH_PATHS = (
					"$(inherited)",
					"@executable_path/../Frameworks",
				);
				MACOSX_DEPLOYMENT_TARGET = 14.0;
				MARKETING_VERSION = 1.0;
				PRODUCT_BUNDLE_IDENTIFIER = com.suasuasuasuasua.LetUsCook;
				PRODUCT_NAME = "$(TARGET_NAME)";
				SWIFT_EMIT_LOC_STRINGS = YES;
				SWIFT_VERSION = 5.0;
			};
			name = Debug;
		};
		D806B75F2BB603A00043400B /* Release */ = {
			isa = XCBuildConfiguration;
			buildSettings = {
				ASSETCATALOG_COMPILER_APPICON_NAME = AppIcon;
				ASSETCATALOG_COMPILER_GLOBAL_ACCENT_COLOR_NAME = AccentColor;
				"ASSETCATALOG_COMPILER_GLOBAL_ACCENT_COLOR_NAME[sdk=*]" = DarkerAccentColor;
				CODE_SIGN_ENTITLEMENTS = LetUsCook/LetUsCook.entitlements;
				"CODE_SIGN_IDENTITY[sdk=macosx*]" = "Apple Development";
				CODE_SIGN_STYLE = Automatic;
				COMBINE_HIDPI_IMAGES = YES;
				CURRENT_PROJECT_VERSION = 1;
				DEVELOPMENT_ASSET_PATHS = "\"LetUsCook/Preview Content\"";
				DEVELOPMENT_TEAM = 7GK78RQQCA;
				ENABLE_HARDENED_RUNTIME = YES;
				ENABLE_PREVIEWS = YES;
				GENERATE_INFOPLIST_FILE = YES;
				INFOPLIST_KEY_NSHumanReadableCopyright = "";
				LD_RUNPATH_SEARCH_PATHS = (
					"$(inherited)",
					"@executable_path/../Frameworks",
				);
				MACOSX_DEPLOYMENT_TARGET = 14.0;
				MARKETING_VERSION = 1.0;
				PRODUCT_BUNDLE_IDENTIFIER = com.suasuasuasuasua.LetUsCook;
				PRODUCT_NAME = "$(TARGET_NAME)";
				SWIFT_EMIT_LOC_STRINGS = YES;
				SWIFT_VERSION = 5.0;
			};
			name = Release;
		};
/* End XCBuildConfiguration section */

/* Begin XCConfigurationList section */
		D806B7472BB6039F0043400B /* Build configuration list for PBXProject "LetUsCook" */ = {
			isa = XCConfigurationList;
			buildConfigurations = (
				D806B75B2BB603A00043400B /* Debug */,
				D806B75C2BB603A00043400B /* Release */,
			);
			defaultConfigurationIsVisible = 0;
			defaultConfigurationName = Release;
		};
		D806B75D2BB603A00043400B /* Build configuration list for PBXNativeTarget "LetUsCook" */ = {
			isa = XCConfigurationList;
			buildConfigurations = (
				D806B75E2BB603A00043400B /* Debug */,
				D806B75F2BB603A00043400B /* Release */,
			);
			defaultConfigurationIsVisible = 0;
			defaultConfigurationName = Release;
		};
/* End XCConfigurationList section */

/* Begin XCRemoteSwiftPackageReference section */
		D83F6C1E2BE3D7E1006F9B2E /* XCRemoteSwiftPackageReference "CalendarView" */ = {
			isa = XCRemoteSwiftPackageReference;
			repositoryURL = "git@github.com:Mijick/CalendarView.git";
			requirement = {
				kind = upToNextMajorVersion;
				minimumVersion = 1.0.0;
			};
		};
/* End XCRemoteSwiftPackageReference section */

/* Begin XCSwiftPackageProductDependency section */
		D83F6C1F2BE3D7E1006F9B2E /* MijickCalendarView */ = {
			isa = XCSwiftPackageProductDependency;
			package = D83F6C1E2BE3D7E1006F9B2E /* XCRemoteSwiftPackageReference "CalendarView" */;
			productName = MijickCalendarView;
		};
/* End XCSwiftPackageProductDependency section */
	};
	rootObject = D806B7442BB6039F0043400B /* Project object */;
}
