// !$*UTF8*$!
{
	archiveVersion = 1;
	classes = {
	};
	objectVersion = 56;
	objects = {

/* Begin PBXBuildFile section */
		D806B7502BB6039F0043400B /* LetUsCookApp.swift in Sources */ = {isa = PBXBuildFile; fileRef = D806B74F2BB6039F0043400B /* LetUsCookApp.swift */; };
		D806B7542BB6039F0043400B /* Ingredient.swift in Sources */ = {isa = PBXBuildFile; fileRef = D806B7532BB6039F0043400B /* Ingredient.swift */; };
		D806B7562BB603A00043400B /* Assets.xcassets in Resources */ = {isa = PBXBuildFile; fileRef = D806B7552BB603A00043400B /* Assets.xcassets */; };
		D806B7592BB603A00043400B /* Preview Assets.xcassets in Resources */ = {isa = PBXBuildFile; fileRef = D806B7582BB603A00043400B /* Preview Assets.xcassets */; };
		D8675D142BB8B312002D0844 /* RecipeGalleryView.swift in Sources */ = {isa = PBXBuildFile; fileRef = D8675D132BB8B312002D0844 /* RecipeGalleryView.swift */; };
		D8675D162BB8B325002D0844 /* RecipeView.swift in Sources */ = {isa = PBXBuildFile; fileRef = D8675D152BB8B325002D0844 /* RecipeView.swift */; };
		D8675D182BB8B342002D0844 /* CalendarView.swift in Sources */ = {isa = PBXBuildFile; fileRef = D8675D172BB8B342002D0844 /* CalendarView.swift */; };
		D8675D392BB8B4DE002D0844 /* RecipeFeedView.swift in Sources */ = {isa = PBXBuildFile; fileRef = D8675D382BB8B4DE002D0844 /* RecipeFeedView.swift */; };
		D8675D3B2BB8B6CF002D0844 /* GroceriesView.swift in Sources */ = {isa = PBXBuildFile; fileRef = D8675D3A2BB8B6CF002D0844 /* GroceriesView.swift */; };
		D8675D3F2BB8B84E002D0844 /* Recipe.swift in Sources */ = {isa = PBXBuildFile; fileRef = D8675D3E2BB8B84E002D0844 /* Recipe.swift */; };
		D8675D412BB8B8A3002D0844 /* Instruction.swift in Sources */ = {isa = PBXBuildFile; fileRef = D8675D402BB8B8A3002D0844 /* Instruction.swift */; };
/* End PBXBuildFile section */

/* Begin PBXFileReference section */
		D806B74C2BB6039F0043400B /* LetUsCook.app */ = {isa = PBXFileReference; explicitFileType = wrapper.application; includeInIndex = 0; path = LetUsCook.app; sourceTree = BUILT_PRODUCTS_DIR; };
		D806B74F2BB6039F0043400B /* LetUsCookApp.swift */ = {isa = PBXFileReference; lastKnownFileType = sourcecode.swift; path = LetUsCookApp.swift; sourceTree = "<group>"; };
		D806B7532BB6039F0043400B /* Ingredient.swift */ = {isa = PBXFileReference; lastKnownFileType = sourcecode.swift; path = Ingredient.swift; sourceTree = "<group>"; };
		D806B7552BB603A00043400B /* Assets.xcassets */ = {isa = PBXFileReference; lastKnownFileType = folder.assetcatalog; path = Assets.xcassets; sourceTree = "<group>"; };
		D806B7582BB603A00043400B /* Preview Assets.xcassets */ = {isa = PBXFileReference; lastKnownFileType = folder.assetcatalog; path = "Preview Assets.xcassets"; sourceTree = "<group>"; };
		D806B75A2BB603A00043400B /* LetUsCook.entitlements */ = {isa = PBXFileReference; lastKnownFileType = text.plist.entitlements; path = LetUsCook.entitlements; sourceTree = "<group>"; };
		D8675D132BB8B312002D0844 /* RecipeGalleryView.swift */ = {isa = PBXFileReference; lastKnownFileType = sourcecode.swift; path = RecipeGalleryView.swift; sourceTree = "<group>"; };
		D8675D152BB8B325002D0844 /* RecipeView.swift */ = {isa = PBXFileReference; lastKnownFileType = sourcecode.swift; path = RecipeView.swift; sourceTree = "<group>"; };
		D8675D172BB8B342002D0844 /* CalendarView.swift */ = {isa = PBXFileReference; lastKnownFileType = sourcecode.swift; path = CalendarView.swift; sourceTree = "<group>"; };
		D8675D382BB8B4DE002D0844 /* RecipeFeedView.swift */ = {isa = PBXFileReference; lastKnownFileType = sourcecode.swift; path = RecipeFeedView.swift; sourceTree = "<group>"; };
		D8675D3A2BB8B6CF002D0844 /* GroceriesView.swift */ = {isa = PBXFileReference; lastKnownFileType = sourcecode.swift; path = GroceriesView.swift; sourceTree = "<group>"; };
		D8675D3E2BB8B84E002D0844 /* Recipe.swift */ = {isa = PBXFileReference; lastKnownFileType = sourcecode.swift; path = Recipe.swift; sourceTree = "<group>"; };
		D8675D402BB8B8A3002D0844 /* Instruction.swift */ = {isa = PBXFileReference; lastKnownFileType = sourcecode.swift; path = Instruction.swift; sourceTree = "<group>"; };
/* End PBXFileReference section */

/* Begin PBXFrameworksBuildPhase section */
		D806B7492BB6039F0043400B /* Frameworks */ = {
			isa = PBXFrameworksBuildPhase;
			buildActionMask = 2147483647;
			files = (
			);
			runOnlyForDeploymentPostprocessing = 0;
		};
/* End PBXFrameworksBuildPhase section */

/* Begin PBXGroup section */
		D806B7432BB6039F0043400B = {
			isa = PBXGroup;
			children = (
				D806B74E2BB6039F0043400B /* LetUsCook */,
				D806B74D2BB6039F0043400B /* Products */,
			);
			sourceTree = "<group>";
		};
		D806B74D2BB6039F0043400B /* Products */ = {
			isa = PBXGroup;
			children = (
				D806B74C2BB6039F0043400B /* LetUsCook.app */,
			);
			name = Products;
			sourceTree = "<group>";
		};
		D806B74E2BB6039F0043400B /* LetUsCook */ = {
			isa = PBXGroup;
			children = (
				D806B74F2BB6039F0043400B /* LetUsCookApp.swift */,
				D8675D192BB8B350002D0844 /* Model */,
				D8675D0F2BB8B2E3002D0844 /* View */,
				D8675D1A2BB8B358002D0844 /* ViewModel */,
				D806B7552BB603A00043400B /* Assets.xcassets */,
				D806B75A2BB603A00043400B /* LetUsCook.entitlements */,
				D806B7572BB603A00043400B /* Preview Content */,
			);
			path = LetUsCook;
			sourceTree = "<group>";
		};
		D806B7572BB603A00043400B /* Preview Content */ = {
			isa = PBXGroup;
			children = (
				D806B7582BB603A00043400B /* Preview Assets.xcassets */,
			);
			path = "Preview Content";
			sourceTree = "<group>";
		};
		D8675D0F2BB8B2E3002D0844 /* View */ = {
			isa = PBXGroup;
			children = (
				D8675D132BB8B312002D0844 /* RecipeGalleryView.swift */,
				D8675D152BB8B325002D0844 /* RecipeView.swift */,
				D8675D382BB8B4DE002D0844 /* RecipeFeedView.swift */,
				D8675D172BB8B342002D0844 /* CalendarView.swift */,
				D8675D3A2BB8B6CF002D0844 /* GroceriesView.swift */,
			);
			path = View;
			sourceTree = "<group>";
		};
		D8675D192BB8B350002D0844 /* Model */ = {
			isa = PBXGroup;
			children = (
				D8675D3E2BB8B84E002D0844 /* Recipe.swift */,
				D8675D402BB8B8A3002D0844 /* Instruction.swift */,
				D806B7532BB6039F0043400B /* Ingredient.swift */,
			);
			path = Model;
			sourceTree = "<group>";
		};
		D8675D1A2BB8B358002D0844 /* ViewModel */ = {
			isa = PBXGroup;
			children = (
			);
			path = ViewModel;
			sourceTree = "<group>";
		};
/* End PBXGroup section */

/* Begin PBXNativeTarget section */
		D806B74B2BB6039F0043400B /* LetUsCook */ = {
			isa = PBXNativeTarget;
			buildConfigurationList = D806B75D2BB603A00043400B /* Build configuration list for PBXNativeTarget "LetUsCook" */;
			buildPhases = (
				D806B7482BB6039F0043400B /* Sources */,
				D806B7492BB6039F0043400B /* Frameworks */,
				D806B74A2BB6039F0043400B /* Resources */,
			);
			buildRules = (
			);
			dependencies = (
			);
			name = LetUsCook;
			productName = LetUsCook;
			productReference = D806B74C2BB6039F0043400B /* LetUsCook.app */;
			productType = "com.apple.product-type.application";
		};
/* End PBXNativeTarget section */

/* Begin PBXProject section */
		D806B7442BB6039F0043400B /* Project object */ = {
			isa = PBXProject;
			attributes = {
				BuildIndependentTargetsInParallel = 1;
				LastSwiftUpdateCheck = 1530;
				LastUpgradeCheck = 1530;
				TargetAttributes = {
					D806B74B2BB6039F0043400B = {
						CreatedOnToolsVersion = 15.3;
					};
				};
			};
			buildConfigurationList = D806B7472BB6039F0043400B /* Build configuration list for PBXProject "LetUsCook" */;
			compatibilityVersion = "Xcode 14.0";
			developmentRegion = en;
			hasScannedForEncodings = 0;
			knownRegions = (
				en,
				Base,
			);
			mainGroup = D806B7432BB6039F0043400B;
			productRefGroup = D806B74D2BB6039F0043400B /* Products */;
			projectDirPath = "";
			projectRoot = "";
			targets = (
				D806B74B2BB6039F0043400B /* LetUsCook */,
			);
		};
/* End PBXProject section */

/* Begin PBXResourcesBuildPhase section */
		D806B74A2BB6039F0043400B /* Resources */ = {
			isa = PBXResourcesBuildPhase;
			buildActionMask = 2147483647;
			files = (
				D806B7592BB603A00043400B /* Preview Assets.xcassets in Resources */,
				D806B7562BB603A00043400B /* Assets.xcassets in Resources */,
			);
			runOnlyForDeploymentPostprocessing = 0;
		};
/* End PBXResourcesBuildPhase section */

/* Begin PBXSourcesBuildPhase section */
		D806B7482BB6039F0043400B /* Sources */ = {
			isa = PBXSourcesBuildPhase;
			buildActionMask = 2147483647;
			files = (
				D8675D412BB8B8A3002D0844 /* Instruction.swift in Sources */,
				D8675D182BB8B342002D0844 /* CalendarView.swift in Sources */,
				D806B7542BB6039F0043400B /* Ingredient.swift in Sources */,
				D8675D3B2BB8B6CF002D0844 /* GroceriesView.swift in Sources */,
				D8675D142BB8B312002D0844 /* RecipeGalleryView.swift in Sources */,
				D8675D162BB8B325002D0844 /* RecipeView.swift in Sources */,
				D8675D392BB8B4DE002D0844 /* RecipeFeedView.swift in Sources */,
				D806B7502BB6039F0043400B /* LetUsCookApp.swift in Sources */,
				D8675D3F2BB8B84E002D0844 /* Recipe.swift in Sources */,
			);
			runOnlyForDeploymentPostprocessing = 0;
		};
/* End PBXSourcesBuildPhase section */

/* Begin XCBuildConfiguration section */
		D806B75B2BB603A00043400B /* Debug */ = {
			isa = XCBuildConfiguration;
			buildSettings = {
				ALWAYS_SEARCH_USER_PATHS = NO;
				ASSETCATALOG_COMPILER_GENERATE_SWIFT_ASSET_SYMBOL_EXTENSIONS = YES;
				CLANG_ANALYZER_NONNULL = YES;
				CLANG_ANALYZER_NUMBER_OBJECT_CONVERSION = YES_AGGRESSIVE;
				CLANG_CXX_LANGUAGE_STANDARD = "gnu++20";
				CLANG_ENABLE_MODULES = YES;
				CLANG_ENABLE_OBJC_ARC = YES;
				CLANG_ENABLE_OBJC_WEAK = YES;
				CLANG_WARN_BLOCK_CAPTURE_AUTORELEASING = YES;
				CLANG_WARN_BOOL_CONVERSION = YES;
				CLANG_WARN_COMMA = YES;
				CLANG_WARN_CONSTANT_CONVERSION = YES;
				CLANG_WARN_DEPRECATED_OBJC_IMPLEMENTATIONS = YES;
				CLANG_WARN_DIRECT_OBJC_ISA_USAGE = YES_ERROR;
				CLANG_WARN_DOCUMENTATION_COMMENTS = YES;
				CLANG_WARN_EMPTY_BODY = YES;
				CLANG_WARN_ENUM_CONVERSION = YES;
				CLANG_WARN_INFINITE_RECURSION = YES;
				CLANG_WARN_INT_CONVERSION = YES;
				CLANG_WARN_NON_LITERAL_NULL_CONVERSION = YES;
				CLANG_WARN_OBJC_IMPLICIT_RETAIN_SELF = YES;
				CLANG_WARN_OBJC_LITERAL_CONVERSION = YES;
				CLANG_WARN_OBJC_ROOT_CLASS = YES_ERROR;
				CLANG_WARN_QUOTED_INCLUDE_IN_FRAMEWORK_HEADER = YES;
				CLANG_WARN_RANGE_LOOP_ANALYSIS = YES;
				CLANG_WARN_STRICT_PROTOTYPES = YES;
				CLANG_WARN_SUSPICIOUS_MOVE = YES;
				CLANG_WARN_UNGUARDED_AVAILABILITY = YES_AGGRESSIVE;
				CLANG_WARN_UNREACHABLE_CODE = YES;
				CLANG_WARN__DUPLICATE_METHOD_MATCH = YES;
				COPY_PHASE_STRIP = NO;
				DEBUG_INFORMATION_FORMAT = dwarf;
				ENABLE_STRICT_OBJC_MSGSEND = YES;
				ENABLE_TESTABILITY = YES;
				ENABLE_USER_SCRIPT_SANDBOXING = YES;
				GCC_C_LANGUAGE_STANDARD = gnu17;
				GCC_DYNAMIC_NO_PIC = NO;
				GCC_NO_COMMON_BLOCKS = YES;
				GCC_OPTIMIZATION_LEVEL = 0;
				GCC_PREPROCESSOR_DEFINITIONS = (
					"DEBUG=1",
					"$(inherited)",
				);
				GCC_WARN_64_TO_32_BIT_CONVERSION = YES;
				GCC_WARN_ABOUT_RETURN_TYPE = YES_ERROR;
				GCC_WARN_UNDECLARED_SELECTOR = YES;
				GCC_WARN_UNINITIALIZED_AUTOS = YES_AGGRESSIVE;
				GCC_WARN_UNUSED_FUNCTION = YES;
				GCC_WARN_UNUSED_VARIABLE = YES;
				LOCALIZATION_PREFERS_STRING_CATALOGS = YES;
				MACOSX_DEPLOYMENT_TARGET = 14.4;
				MTL_ENABLE_DEBUG_INFO = INCLUDE_SOURCE;
				MTL_FAST_MATH = YES;
				ONLY_ACTIVE_ARCH = YES;
				SDKROOT = macosx;
				SWIFT_ACTIVE_COMPILATION_CONDITIONS = "DEBUG $(inherited)";
				SWIFT_OPTIMIZATION_LEVEL = "-Onone";
			};
			name = Debug;
		};
		D806B75C2BB603A00043400B /* Release */ = {
			isa = XCBuildConfiguration;
			buildSettings = {
				ALWAYS_SEARCH_USER_PATHS = NO;
				ASSETCATALOG_COMPILER_GENERATE_SWIFT_ASSET_SYMBOL_EXTENSIONS = YES;
				CLANG_ANALYZER_NONNULL = YES;
				CLANG_ANALYZER_NUMBER_OBJECT_CONVERSION = YES_AGGRESSIVE;
				CLANG_CXX_LANGUAGE_STANDARD = "gnu++20";
				CLANG_ENABLE_MODULES = YES;
				CLANG_ENABLE_OBJC_ARC = YES;
				CLANG_ENABLE_OBJC_WEAK = YES;
				CLANG_WARN_BLOCK_CAPTURE_AUTORELEASING = YES;
				CLANG_WARN_BOOL_CONVERSION = YES;
				CLANG_WARN_COMMA = YES;
				CLANG_WARN_CONSTANT_CONVERSION = YES;
				CLANG_WARN_DEPRECATED_OBJC_IMPLEMENTATIONS = YES;
				CLANG_WARN_DIRECT_OBJC_ISA_USAGE = YES_ERROR;
				CLANG_WARN_DOCUMENTATION_COMMENTS = YES;
				CLANG_WARN_EMPTY_BODY = YES;
				CLANG_WARN_ENUM_CONVERSION = YES;
				CLANG_WARN_INFINITE_RECURSION = YES;
				CLANG_WARN_INT_CONVERSION = YES;
				CLANG_WARN_NON_LITERAL_NULL_CONVERSION = YES;
				CLANG_WARN_OBJC_IMPLICIT_RETAIN_SELF = YES;
				CLANG_WARN_OBJC_LITERAL_CONVERSION = YES;
				CLANG_WARN_OBJC_ROOT_CLASS = YES_ERROR;
				CLANG_WARN_QUOTED_INCLUDE_IN_FRAMEWORK_HEADER = YES;
				CLANG_WARN_RANGE_LOOP_ANALYSIS = YES;
				CLANG_WARN_STRICT_PROTOTYPES = YES;
				CLANG_WARN_SUSPICIOUS_MOVE = YES;
				CLANG_WARN_UNGUARDED_AVAILABILITY = YES_AGGRESSIVE;
				CLANG_WARN_UNREACHABLE_CODE = YES;
				CLANG_WARN__DUPLICATE_METHOD_MATCH = YES;
				COPY_PHASE_STRIP = NO;
				DEBUG_INFORMATION_FORMAT = "dwarf-with-dsym";
				ENABLE_NS_ASSERTIONS = NO;
				ENABLE_STRICT_OBJC_MSGSEND = YES;
				ENABLE_USER_SCRIPT_SANDBOXING = YES;
				GCC_C_LANGUAGE_STANDARD = gnu17;
				GCC_NO_COMMON_BLOCKS = YES;
				GCC_WARN_64_TO_32_BIT_CONVERSION = YES;
				GCC_WARN_ABOUT_RETURN_TYPE = YES_ERROR;
				GCC_WARN_UNDECLARED_SELECTOR = YES;
				GCC_WARN_UNINITIALIZED_AUTOS = YES_AGGRESSIVE;
				GCC_WARN_UNUSED_FUNCTION = YES;
				GCC_WARN_UNUSED_VARIABLE = YES;
				LOCALIZATION_PREFERS_STRING_CATALOGS = YES;
				MACOSX_DEPLOYMENT_TARGET = 14.4;
				MTL_ENABLE_DEBUG_INFO = NO;
				MTL_FAST_MATH = YES;
				SDKROOT = macosx;
				SWIFT_COMPILATION_MODE = wholemodule;
			};
			name = Release;
		};
		D806B75E2BB603A00043400B /* Debug */ = {
			isa = XCBuildConfiguration;
			buildSettings = {
				ASSETCATALOG_COMPILER_APPICON_NAME = AppIcon;
				ASSETCATALOG_COMPILER_GLOBAL_ACCENT_COLOR_NAME = AccentColor;
				CODE_SIGN_ENTITLEMENTS = LetUsCook/LetUsCook.entitlements;
				"CODE_SIGN_IDENTITY[sdk=macosx*]" = "Apple Development";
				CODE_SIGN_STYLE = Automatic;
				COMBINE_HIDPI_IMAGES = YES;
				CURRENT_PROJECT_VERSION = 1;
				DEVELOPMENT_ASSET_PATHS = "\"LetUsCook/Preview Content\"";
				DEVELOPMENT_TEAM = 7GK78RQQCA;
				ENABLE_HARDENED_RUNTIME = YES;
				ENABLE_PREVIEWS = YES;
				GENERATE_INFOPLIST_FILE = YES;
				INFOPLIST_KEY_NSHumanReadableCopyright = "";
				LD_RUNPATH_SEARCH_PATHS = (
					"$(inherited)",
					"@executable_path/../Frameworks",
				);
				MACOSX_DEPLOYMENT_TARGET = 14.0;
				MARKETING_VERSION = 1.0;
				PRODUCT_BUNDLE_IDENTIFIER = com.suasuasuasuasua.LetUsCook;
				PRODUCT_NAME = "$(TARGET_NAME)";
				SWIFT_EMIT_LOC_STRINGS = YES;
				SWIFT_VERSION = 5.0;
			};
			name = Debug;
		};
		D806B75F2BB603A00043400B /* Release */ = {
			isa = XCBuildConfiguration;
			buildSettings = {
				ASSETCATALOG_COMPILER_APPICON_NAME = AppIcon;
				ASSETCATALOG_COMPILER_GLOBAL_ACCENT_COLOR_NAME = AccentColor;
				CODE_SIGN_ENTITLEMENTS = LetUsCook/LetUsCook.entitlements;
				"CODE_SIGN_IDENTITY[sdk=macosx*]" = "-";
				CODE_SIGN_STYLE = Automatic;
				COMBINE_HIDPI_IMAGES = YES;
				CURRENT_PROJECT_VERSION = 1;
				DEVELOPMENT_ASSET_PATHS = "\"LetUsCook/Preview Content\"";
				DEVELOPMENT_TEAM = 7GK78RQQCA;
				ENABLE_HARDENED_RUNTIME = YES;
				ENABLE_PREVIEWS = YES;
				GENERATE_INFOPLIST_FILE = YES;
				INFOPLIST_KEY_NSHumanReadableCopyright = "";
				LD_RUNPATH_SEARCH_PATHS = (
					"$(inherited)",
					"@executable_path/../Frameworks",
				);
				MACOSX_DEPLOYMENT_TARGET = 14.0;
				MARKETING_VERSION = 1.0;
				PRODUCT_BUNDLE_IDENTIFIER = com.suasuasuasuasua.LetUsCook;
				PRODUCT_NAME = "$(TARGET_NAME)";
				SWIFT_EMIT_LOC_STRINGS = YES;
				SWIFT_VERSION = 5.0;
			};
			name = Release;
		};
/* End XCBuildConfiguration section */

/* Begin XCConfigurationList section */
		D806B7472BB6039F0043400B /* Build configuration list for PBXProject "LetUsCook" */ = {
			isa = XCConfigurationList;
			buildConfigurations = (
				D806B75B2BB603A00043400B /* Debug */,
				D806B75C2BB603A00043400B /* Release */,
			);
			defaultConfigurationIsVisible = 0;
			defaultConfigurationName = Release;
		};
		D806B75D2BB603A00043400B /* Build configuration list for PBXNativeTarget "LetUsCook" */ = {
			isa = XCConfigurationList;
			buildConfigurations = (
				D806B75E2BB603A00043400B /* Debug */,
				D806B75F2BB603A00043400B /* Release */,
			);
			defaultConfigurationIsVisible = 0;
			defaultConfigurationName = Release;
		};
/* End XCConfigurationList section */
	};
	rootObject = D806B7442BB6039F0043400B /* Project object */;
}
